
Microsoft Visual Studio Solution File, Format Version 12.00
# Visual Studio Version 16
VisualStudioVersion = 16.0.30011.22
MinimumVisualStudioVersion = 10.0.40219.1
Project("{9A19103F-16F7-4668-BE54-9A1E7A4F7556}") = "Inject", "src\Inject\Inject.csproj", "{396D76E2-5090-4960-B7AA-93313756361C}"
EndProject
Project("{9A19103F-16F7-4668-BE54-9A1E7A4F7556}") = "Inject.Tests", "src\Inject.Tests\Inject.Tests.csproj", "{909F3699-5A86-4789-81BA-CCECC6A3C2B9}"
EndProject
Global
	GlobalSection(SolutionConfigurationPlatforms) = preSolution
		Debug|Any CPU = Debug|Any CPU
		Release|Any CPU = Release|Any CPU
	EndGlobalSection
	GlobalSection(ProjectConfigurationPlatforms) = postSolution
		{396D76E2-5090-4960-B7AA-93313756361C}.Debug|Any CPU.ActiveCfg = Debug|Any CPU
		{396D76E2-5090-4960-B7AA-93313756361C}.Debug|Any CPU.Build.0 = Debug|Any CPU
		{396D76E2-5090-4960-B7AA-93313756361C}.Release|Any CPU.ActiveCfg = Release|Any CPU
		{396D76E2-5090-4960-B7AA-93313756361C}.Release|Any CPU.Build.0 = Release|Any CPU
		{909F3699-5A86-4789-81BA-CCECC6A3C2B9}.Debug|Any CPU.ActiveCfg = Debug|Any CPU
		{909F3699-5A86-4789-81BA-CCECC6A3C2B9}.Debug|Any CPU.Build.0 = Debug|Any CPU
		{909F3699-5A86-4789-81BA-CCECC6A3C2B9}.Release|Any CPU.ActiveCfg = Release|Any CPU
		{909F3699-5A86-4789-81BA-CCECC6A3C2B9}.Release|Any CPU.Build.0 = Release|Any CPU
	EndGlobalSection
	GlobalSection(SolutionProperties) = preSolution
		HideSolutionNode = FALSE
	EndGlobalSection
	GlobalSection(ExtensibilityGlobals) = postSolution
		SolutionGuid = {4A6B1E49-BF94-41D2-B7FF-492EB6F66474}
	EndGlobalSection
EndGlobal
